// !$*UTF8*$!
{
	archiveVersion = 1;
	classes = {
	};
	objectVersion = 50;
	objects = {

/* Begin PBXBuildFile section */
		92B9EDFAAB22FC6DC577C5A1 /* Pods_iDoIt.framework in Frameworks */ = {isa = PBXBuildFile; fileRef = 1AF3F3BB071F0A8975E61863 /* Pods_iDoIt.framework */; };
		CE17E37E21B54CA500FAE9DB /* RegisterPageViewController.swift in Sources */ = {isa = PBXBuildFile; fileRef = CE17E37D21B54CA500FAE9DB /* RegisterPageViewController.swift */; };
		CE2DEB3321B3E272002AEFCA /* FirstPageViewController.swift in Sources */ = {isa = PBXBuildFile; fileRef = CE2DEB3221B3E272002AEFCA /* FirstPageViewController.swift */; };
		CE44026B21B1CE39009E0300 /* GroupManagerViewController.swift in Sources */ = {isa = PBXBuildFile; fileRef = CE44026A21B1CE39009E0300 /* GroupManagerViewController.swift */; };
		CE816D1421B94E4100EA9461 /* PListControl.swift in Sources */ = {isa = PBXBuildFile; fileRef = CE816D1321B94E4100EA9461 /* PListControl.swift */; };
		CE9633FD21AE8E3C00FFBD14 /* TableDataModel.swift in Sources */ = {isa = PBXBuildFile; fileRef = CE9633FC21AE8E3B00FFBD14 /* TableDataModel.swift */; };
		CE9633FF21AEB73B00FFBD14 /* LoginRegisterViewController.swift in Sources */ = {isa = PBXBuildFile; fileRef = CE9633FE21AEB73B00FFBD14 /* LoginRegisterViewController.swift */; };
		CEA0AE7D21B439B600DBBD9E /* LoginPageViewController.swift in Sources */ = {isa = PBXBuildFile; fileRef = CEA0AE7C21B439B600DBBD9E /* LoginPageViewController.swift */; };
		CEE552F121AE8947009DE56F /* AppDelegate.swift in Sources */ = {isa = PBXBuildFile; fileRef = CEE552F021AE8947009DE56F /* AppDelegate.swift */; };
		CEE552F321AE8947009DE56F /* MainPageViewController.swift in Sources */ = {isa = PBXBuildFile; fileRef = CEE552F221AE8947009DE56F /* MainPageViewController.swift */; };
		CEE552F621AE8947009DE56F /* Main.storyboard in Resources */ = {isa = PBXBuildFile; fileRef = CEE552F421AE8947009DE56F /* Main.storyboard */; };
		CEE552F821AE8949009DE56F /* Assets.xcassets in Resources */ = {isa = PBXBuildFile; fileRef = CEE552F721AE8949009DE56F /* Assets.xcassets */; };
		CEE552FB21AE8949009DE56F /* LaunchScreen.storyboard in Resources */ = {isa = PBXBuildFile; fileRef = CEE552F921AE8949009DE56F /* LaunchScreen.storyboard */; };
		CEE5530321AE8C19009DE56F /* DataManager.swift in Sources */ = {isa = PBXBuildFile; fileRef = CEE5530221AE8C19009DE56F /* DataManager.swift */; };
/* End PBXBuildFile section */

/* Begin PBXFileReference section */
		1AF3F3BB071F0A8975E61863 /* Pods_iDoIt.framework */ = {isa = PBXFileReference; explicitFileType = wrapper.framework; includeInIndex = 0; path = Pods_iDoIt.framework; sourceTree = BUILT_PRODUCTS_DIR; };
		62DE0E1099187D30FA5EB63C /* Pods-iDoIt.release.xcconfig */ = {isa = PBXFileReference; includeInIndex = 1; lastKnownFileType = text.xcconfig; name = "Pods-iDoIt.release.xcconfig"; path = "Pods/Target Support Files/Pods-iDoIt/Pods-iDoIt.release.xcconfig"; sourceTree = "<group>"; };
		80ED119AC253B3107EB09611 /* Pods-iDoIt.debug.xcconfig */ = {isa = PBXFileReference; includeInIndex = 1; lastKnownFileType = text.xcconfig; name = "Pods-iDoIt.debug.xcconfig"; path = "Pods/Target Support Files/Pods-iDoIt/Pods-iDoIt.debug.xcconfig"; sourceTree = "<group>"; };
		CE17E37D21B54CA500FAE9DB /* RegisterPageViewController.swift */ = {isa = PBXFileReference; lastKnownFileType = sourcecode.swift; path = RegisterPageViewController.swift; sourceTree = "<group>"; };
		CE2DEB3221B3E272002AEFCA /* FirstPageViewController.swift */ = {isa = PBXFileReference; lastKnownFileType = sourcecode.swift; path = FirstPageViewController.swift; sourceTree = "<group>"; };
		CE44026A21B1CE39009E0300 /* GroupManagerViewController.swift */ = {isa = PBXFileReference; lastKnownFileType = sourcecode.swift; path = GroupManagerViewController.swift; sourceTree = "<group>"; };
		CE816D1321B94E4100EA9461 /* PListControl.swift */ = {isa = PBXFileReference; lastKnownFileType = sourcecode.swift; path = PListControl.swift; sourceTree = "<group>"; };
		CE9633FC21AE8E3B00FFBD14 /* TableDataModel.swift */ = {isa = PBXFileReference; fileEncoding = 4; lastKnownFileType = sourcecode.swift; path = TableDataModel.swift; sourceTree = "<group>"; };
		CE9633FE21AEB73B00FFBD14 /* LoginRegisterViewController.swift */ = {isa = PBXFileReference; lastKnownFileType = sourcecode.swift; path = LoginRegisterViewController.swift; sourceTree = "<group>"; };
		CEA0AE7C21B439B600DBBD9E /* LoginPageViewController.swift */ = {isa = PBXFileReference; lastKnownFileType = sourcecode.swift; path = LoginPageViewController.swift; sourceTree = "<group>"; };
		CEE552ED21AE8947009DE56F /* iDoIt.app */ = {isa = PBXFileReference; explicitFileType = wrapper.application; includeInIndex = 0; path = iDoIt.app; sourceTree = BUILT_PRODUCTS_DIR; };
		CEE552F021AE8947009DE56F /* AppDelegate.swift */ = {isa = PBXFileReference; lastKnownFileType = sourcecode.swift; path = AppDelegate.swift; sourceTree = "<group>"; };
		CEE552F221AE8947009DE56F /* MainPageViewController.swift */ = {isa = PBXFileReference; lastKnownFileType = sourcecode.swift; path = MainPageViewController.swift; sourceTree = "<group>"; };
		CEE552F521AE8947009DE56F /* Base */ = {isa = PBXFileReference; lastKnownFileType = file.storyboard; name = Base; path = Base.lproj/Main.storyboard; sourceTree = "<group>"; };
		CEE552F721AE8949009DE56F /* Assets.xcassets */ = {isa = PBXFileReference; lastKnownFileType = folder.assetcatalog; path = Assets.xcassets; sourceTree = "<group>"; };
		CEE552FA21AE8949009DE56F /* Base */ = {isa = PBXFileReference; lastKnownFileType = file.storyboard; name = Base; path = Base.lproj/LaunchScreen.storyboard; sourceTree = "<group>"; };
		CEE552FC21AE8949009DE56F /* Info.plist */ = {isa = PBXFileReference; lastKnownFileType = text.plist.xml; path = Info.plist; sourceTree = "<group>"; };
		CEE5530221AE8C19009DE56F /* DataManager.swift */ = {isa = PBXFileReference; fileEncoding = 4; lastKnownFileType = sourcecode.swift; path = DataManager.swift; sourceTree = "<group>"; };
/* End PBXFileReference section */

/* Begin PBXFrameworksBuildPhase section */
		CEE552EA21AE8947009DE56F /* Frameworks */ = {
			isa = PBXFrameworksBuildPhase;
			buildActionMask = 2147483647;
			files = (
				92B9EDFAAB22FC6DC577C5A1 /* Pods_iDoIt.framework in Frameworks */,
			);
			runOnlyForDeploymentPostprocessing = 0;
		};
/* End PBXFrameworksBuildPhase section */

/* Begin PBXGroup section */
		00E774653D6DF45B6B5EC3D5 /* Pods */ = {
			isa = PBXGroup;
			children = (
				80ED119AC253B3107EB09611 /* Pods-iDoIt.debug.xcconfig */,
				62DE0E1099187D30FA5EB63C /* Pods-iDoIt.release.xcconfig */,
			);
			name = Pods;
			sourceTree = "<group>";
		};
		CE17E37C21B54C2700FAE9DB /* View Controllers */ = {
			isa = PBXGroup;
			children = (
				CE2DEB3221B3E272002AEFCA /* FirstPageViewController.swift */,
				CEA0AE7C21B439B600DBBD9E /* LoginPageViewController.swift */,
				CE17E37D21B54CA500FAE9DB /* RegisterPageViewController.swift */,
			);
			path = "View Controllers";
			sourceTree = "<group>";
		};
		CEE552E421AE8947009DE56F = {
			isa = PBXGroup;
			children = (
				CEE552EF21AE8947009DE56F /* iDoIt */,
				CEE552EE21AE8947009DE56F /* Products */,
				00E774653D6DF45B6B5EC3D5 /* Pods */,
				D282F4D4DE0C34E51FAB7E02 /* Frameworks */,
			);
			sourceTree = "<group>";
		};
		CEE552EE21AE8947009DE56F /* Products */ = {
			isa = PBXGroup;
			children = (
				CEE552ED21AE8947009DE56F /* iDoIt.app */,
			);
			name = Products;
			sourceTree = "<group>";
		};
		CEE552EF21AE8947009DE56F /* iDoIt */ = {
			isa = PBXGroup;
			children = (
				CEE552F021AE8947009DE56F /* AppDelegate.swift */,
				CEE5530221AE8C19009DE56F /* DataManager.swift */,
				CE816D1321B94E4100EA9461 /* PListControl.swift */,
				CEE552F221AE8947009DE56F /* MainPageViewController.swift */,
				CE9633FC21AE8E3B00FFBD14 /* TableDataModel.swift */,
				CE44026A21B1CE39009E0300 /* GroupManagerViewController.swift */,
				CE9633FE21AEB73B00FFBD14 /* LoginRegisterViewController.swift */,
				CE17E37C21B54C2700FAE9DB /* View Controllers */,
				CEE552F421AE8947009DE56F /* Main.storyboard */,
				CEE552F721AE8949009DE56F /* Assets.xcassets */,
				CEE552F921AE8949009DE56F /* LaunchScreen.storyboard */,
				CEE552FC21AE8949009DE56F /* Info.plist */,
			);
			path = iDoIt;
			sourceTree = "<group>";
		};
		D282F4D4DE0C34E51FAB7E02 /* Frameworks */ = {
			isa = PBXGroup;
			children = (
				1AF3F3BB071F0A8975E61863 /* Pods_iDoIt.framework */,
			);
			name = Frameworks;
			sourceTree = "<group>";
		};
/* End PBXGroup section */

/* Begin PBXNativeTarget section */
		CEE552EC21AE8947009DE56F /* iDoIt */ = {
			isa = PBXNativeTarget;
			buildConfigurationList = CEE552FF21AE8949009DE56F /* Build configuration list for PBXNativeTarget "iDoIt" */;
			buildPhases = (
				5D9B03875FDDDB8102B66829 /* [CP] Check Pods Manifest.lock */,
				CEE552E921AE8947009DE56F /* Sources */,
				CEE552EA21AE8947009DE56F /* Frameworks */,
				CEE552EB21AE8947009DE56F /* Resources */,
				5AF13D8C009640B8A3F28728 /* [CP] Embed Pods Frameworks */,
			);
			buildRules = (
			);
			dependencies = (
			);
			name = iDoIt;
			productName = iDoIt;
			productReference = CEE552ED21AE8947009DE56F /* iDoIt.app */;
			productType = "com.apple.product-type.application";
		};
/* End PBXNativeTarget section */

/* Begin PBXProject section */
		CEE552E521AE8947009DE56F /* Project object */ = {
			isa = PBXProject;
			attributes = {
				LastSwiftUpdateCheck = 1010;
				LastUpgradeCheck = 1010;
				ORGANIZATIONNAME = MSadri;
				TargetAttributes = {
					CEE552EC21AE8947009DE56F = {
						CreatedOnToolsVersion = 10.1;
					};
				};
			};
			buildConfigurationList = CEE552E821AE8947009DE56F /* Build configuration list for PBXProject "iDoIt" */;
			compatibilityVersion = "Xcode 9.3";
			developmentRegion = en;
			hasScannedForEncodings = 0;
			knownRegions = (
				en,
				Base,
			);
			mainGroup = CEE552E421AE8947009DE56F;
			productRefGroup = CEE552EE21AE8947009DE56F /* Products */;
			projectDirPath = "";
			projectRoot = "";
			targets = (
				CEE552EC21AE8947009DE56F /* iDoIt */,
			);
		};
/* End PBXProject section */

/* Begin PBXResourcesBuildPhase section */
		CEE552EB21AE8947009DE56F /* Resources */ = {
			isa = PBXResourcesBuildPhase;
			buildActionMask = 2147483647;
			files = (
				CEE552FB21AE8949009DE56F /* LaunchScreen.storyboard in Resources */,
				CEE552F821AE8949009DE56F /* Assets.xcassets in Resources */,
				CEE552F621AE8947009DE56F /* Main.storyboard in Resources */,
			);
			runOnlyForDeploymentPostprocessing = 0;
		};
/* End PBXResourcesBuildPhase section */

/* Begin PBXShellScriptBuildPhase section */
		5AF13D8C009640B8A3F28728 /* [CP] Embed Pods Frameworks */ = {
			isa = PBXShellScriptBuildPhase;
			buildActionMask = 2147483647;
			files = (
			);
			inputPaths = (
				"${SRCROOT}/Pods/Target Support Files/Pods-iDoIt/Pods-iDoIt-frameworks.sh",
				"${BUILT_PRODUCTS_DIR}/Alamofire/Alamofire.framework",
				"${BUILT_PRODUCTS_DIR}/SwiftyJSON/SwiftyJSON.framework",
			);
			name = "[CP] Embed Pods Frameworks";
			outputPaths = (
				"${TARGET_BUILD_DIR}/${FRAMEWORKS_FOLDER_PATH}/Alamofire.framework",
				"${TARGET_BUILD_DIR}/${FRAMEWORKS_FOLDER_PATH}/SwiftyJSON.framework",
			);
			runOnlyForDeploymentPostprocessing = 0;
			shellPath = /bin/sh;
			shellScript = "\"${SRCROOT}/Pods/Target Support Files/Pods-iDoIt/Pods-iDoIt-frameworks.sh\"\n";
			showEnvVarsInLog = 0;
		};
		5D9B03875FDDDB8102B66829 /* [CP] Check Pods Manifest.lock */ = {
			isa = PBXShellScriptBuildPhase;
			buildActionMask = 2147483647;
			files = (
			);
			inputPaths = (
				"${PODS_PODFILE_DIR_PATH}/Podfile.lock",
				"${PODS_ROOT}/Manifest.lock",
			);
			name = "[CP] Check Pods Manifest.lock";
			outputPaths = (
				"$(DERIVED_FILE_DIR)/Pods-iDoIt-checkManifestLockResult.txt",
			);
			runOnlyForDeploymentPostprocessing = 0;
			shellPath = /bin/sh;
			shellScript = "diff \"${PODS_PODFILE_DIR_PATH}/Podfile.lock\" \"${PODS_ROOT}/Manifest.lock\" > /dev/null\nif [ $? != 0 ] ; then\n    # print error to STDERR\n    echo \"error: The sandbox is not in sync with the Podfile.lock. Run 'pod install' or update your CocoaPods installation.\" >&2\n    exit 1\nfi\n# This output is used by Xcode 'outputs' to avoid re-running this script phase.\necho \"SUCCESS\" > \"${SCRIPT_OUTPUT_FILE_0}\"\n";
			showEnvVarsInLog = 0;
		};
/* End PBXShellScriptBuildPhase section */

/* Begin PBXSourcesBuildPhase section */
		CEE552E921AE8947009DE56F /* Sources */ = {
			isa = PBXSourcesBuildPhase;
			buildActionMask = 2147483647;
			files = (
				CE9633FF21AEB73B00FFBD14 /* LoginRegisterViewController.swift in Sources */,
				CEE5530321AE8C19009DE56F /* DataManager.swift in Sources */,
				CEE552F321AE8947009DE56F /* MainPageViewController.swift in Sources */,
				CE2DEB3321B3E272002AEFCA /* FirstPageViewController.swift in Sources */,
				CE9633FD21AE8E3C00FFBD14 /* TableDataModel.swift in Sources */,
				CE17E37E21B54CA500FAE9DB /* RegisterPageViewController.swift in Sources */,
				CEA0AE7D21B439B600DBBD9E /* LoginPageViewController.swift in Sources */,
				CE44026B21B1CE39009E0300 /* GroupManagerViewController.swift in Sources */,
				CE816D1421B94E4100EA9461 /* PListControl.swift in Sources */,
				CEE552F121AE8947009DE56F /* AppDelegate.swift in Sources */,
			);
			runOnlyForDeploymentPostprocessing = 0;
		};
/* End PBXSourcesBuildPhase section */

/* Begin PBXVariantGroup section */
		CEE552F421AE8947009DE56F /* Main.storyboard */ = {
			isa = PBXVariantGroup;
			children = (
				CEE552F521AE8947009DE56F /* Base */,
			);
			name = Main.storyboard;
			sourceTree = "<group>";
		};
		CEE552F921AE8949009DE56F /* LaunchScreen.storyboard */ = {
			isa = PBXVariantGroup;
			children = (
				CEE552FA21AE8949009DE56F /* Base */,
			);
			name = LaunchScreen.storyboard;
			sourceTree = "<group>";
		};
/* End PBXVariantGroup section */

/* Begin XCBuildConfiguration section */
		CEE552FD21AE8949009DE56F /* Debug */ = {
			isa = XCBuildConfiguration;
			buildSettings = {
				ALWAYS_SEARCH_USER_PATHS = NO;
				CLANG_ANALYZER_NONNULL = YES;
				CLANG_ANALYZER_NUMBER_OBJECT_CONVERSION = YES_AGGRESSIVE;
				CLANG_CXX_LANGUAGE_STANDARD = "gnu++14";
				CLANG_CXX_LIBRARY = "libc++";
				CLANG_ENABLE_MODULES = YES;
				CLANG_ENABLE_OBJC_ARC = YES;
				CLANG_ENABLE_OBJC_WEAK = YES;
				CLANG_WARN_BLOCK_CAPTURE_AUTORELEASING = YES;
				CLANG_WARN_BOOL_CONVERSION = YES;
				CLANG_WARN_COMMA = YES;
				CLANG_WARN_CONSTANT_CONVERSION = YES;
				CLANG_WARN_DEPRECATED_OBJC_IMPLEMENTATIONS = YES;
				CLANG_WARN_DIRECT_OBJC_ISA_USAGE = YES_ERROR;
				CLANG_WARN_DOCUMENTATION_COMMENTS = YES;
				CLANG_WARN_EMPTY_BODY = YES;
				CLANG_WARN_ENUM_CONVERSION = YES;
				CLANG_WARN_INFINITE_RECURSION = YES;
				CLANG_WARN_INT_CONVERSION = YES;
				CLANG_WARN_NON_LITERAL_NULL_CONVERSION = YES;
				CLANG_WARN_OBJC_IMPLICIT_RETAIN_SELF = YES;
				CLANG_WARN_OBJC_LITERAL_CONVERSION = YES;
				CLANG_WARN_OBJC_ROOT_CLASS = YES_ERROR;
				CLANG_WARN_RANGE_LOOP_ANALYSIS = YES;
				CLANG_WARN_STRICT_PROTOTYPES = YES;
				CLANG_WARN_SUSPICIOUS_MOVE = YES;
				CLANG_WARN_UNGUARDED_AVAILABILITY = YES_AGGRESSIVE;
				CLANG_WARN_UNREACHABLE_CODE = YES;
				CLANG_WARN__DUPLICATE_METHOD_MATCH = YES;
				CODE_SIGN_IDENTITY = "iPhone Developer";
				COPY_PHASE_STRIP = NO;
				DEBUG_INFORMATION_FORMAT = dwarf;
				ENABLE_STRICT_OBJC_MSGSEND = YES;
				ENABLE_TESTABILITY = YES;
				GCC_C_LANGUAGE_STANDARD = gnu11;
				GCC_DYNAMIC_NO_PIC = NO;
				GCC_NO_COMMON_BLOCKS = YES;
				GCC_OPTIMIZATION_LEVEL = 0;
				GCC_PREPROCESSOR_DEFINITIONS = (
					"DEBUG=1",
					"$(inherited)",
				);
				GCC_WARN_64_TO_32_BIT_CONVERSION = YES;
				GCC_WARN_ABOUT_RETURN_TYPE = YES_ERROR;
				GCC_WARN_UNDECLARED_SELECTOR = YES;
				GCC_WARN_UNINITIALIZED_AUTOS = YES_AGGRESSIVE;
				GCC_WARN_UNUSED_FUNCTION = YES;
				GCC_WARN_UNUSED_VARIABLE = YES;
				IPHONEOS_DEPLOYMENT_TARGET = 12.1;
				MTL_ENABLE_DEBUG_INFO = INCLUDE_SOURCE;
				MTL_FAST_MATH = YES;
				ONLY_ACTIVE_ARCH = YES;
				SDKROOT = iphoneos;
				SWIFT_ACTIVE_COMPILATION_CONDITIONS = DEBUG;
				SWIFT_OPTIMIZATION_LEVEL = "-Onone";
			};
			name = Debug;
		};
		CEE552FE21AE8949009DE56F /* Release */ = {
			isa = XCBuildConfiguration;
			buildSettings = {
				ALWAYS_SEARCH_USER_PATHS = NO;
				CLANG_ANALYZER_NONNULL = YES;
				CLANG_ANALYZER_NUMBER_OBJECT_CONVERSION = YES_AGGRESSIVE;
				CLANG_CXX_LANGUAGE_STANDARD = "gnu++14";
				CLANG_CXX_LIBRARY = "libc++";
				CLANG_ENABLE_MODULES = YES;
				CLANG_ENABLE_OBJC_ARC = YES;
				CLANG_ENABLE_OBJC_WEAK = YES;
				CLANG_WARN_BLOCK_CAPTURE_AUTORELEASING = YES;
				CLANG_WARN_BOOL_CONVERSION = YES;
				CLANG_WARN_COMMA = YES;
				CLANG_WARN_CONSTANT_CONVERSION = YES;
				CLANG_WARN_DEPRECATED_OBJC_IMPLEMENTATIONS = YES;
				CLANG_WARN_DIRECT_OBJC_ISA_USAGE = YES_ERROR;
				CLANG_WARN_DOCUMENTATION_COMMENTS = YES;
				CLANG_WARN_EMPTY_BODY = YES;
				CLANG_WARN_ENUM_CONVERSION = YES;
				CLANG_WARN_INFINITE_RECURSION = YES;
				CLANG_WARN_INT_CONVERSION = YES;
				CLANG_WARN_NON_LITERAL_NULL_CONVERSION = YES;
				CLANG_WARN_OBJC_IMPLICIT_RETAIN_SELF = YES;
				CLANG_WARN_OBJC_LITERAL_CONVERSION = YES;
				CLANG_WARN_OBJC_ROOT_CLASS = YES_ERROR;
				CLANG_WARN_RANGE_LOOP_ANALYSIS = YES;
				CLANG_WARN_STRICT_PROTOTYPES = YES;
				CLANG_WARN_SUSPICIOUS_MOVE = YES;
				CLANG_WARN_UNGUARDED_AVAILABILITY = YES_AGGRESSIVE;
				CLANG_WARN_UNREACHABLE_CODE = YES;
				CLANG_WARN__DUPLICATE_METHOD_MATCH = YES;
				CODE_SIGN_IDENTITY = "iPhone Developer";
				COPY_PHASE_STRIP = NO;
				DEBUG_INFORMATION_FORMAT = "dwarf-with-dsym";
				ENABLE_NS_ASSERTIONS = NO;
				ENABLE_STRICT_OBJC_MSGSEND = YES;
				GCC_C_LANGUAGE_STANDARD = gnu11;
				GCC_NO_COMMON_BLOCKS = YES;
				GCC_WARN_64_TO_32_BIT_CONVERSION = YES;
				GCC_WARN_ABOUT_RETURN_TYPE = YES_ERROR;
				GCC_WARN_UNDECLARED_SELECTOR = YES;
				GCC_WARN_UNINITIALIZED_AUTOS = YES_AGGRESSIVE;
				GCC_WARN_UNUSED_FUNCTION = YES;
				GCC_WARN_UNUSED_VARIABLE = YES;
				IPHONEOS_DEPLOYMENT_TARGET = 12.1;
				MTL_ENABLE_DEBUG_INFO = NO;
				MTL_FAST_MATH = YES;
				SDKROOT = iphoneos;
				SWIFT_COMPILATION_MODE = wholemodule;
				SWIFT_OPTIMIZATION_LEVEL = "-O";
				VALIDATE_PRODUCT = YES;
			};
			name = Release;
		};
		CEE5530021AE8949009DE56F /* Debug */ = {
			isa = XCBuildConfiguration;
			baseConfigurationReference = 80ED119AC253B3107EB09611 /* Pods-iDoIt.debug.xcconfig */;
			buildSettings = {
				ASSETCATALOG_COMPILER_APPICON_NAME = AppIcon;
				CODE_SIGN_STYLE = Automatic;
				DEVELOPMENT_TEAM = G5XAELWWR7;
				INFOPLIST_FILE = iDoIt/Info.plist;
				LD_RUNPATH_SEARCH_PATHS = (
					"$(inherited)",
					"@executable_path/Frameworks",
				);
				PRODUCT_BUNDLE_IDENTIFIER = Com.LaitecByMasih.iDoIt;
				PRODUCT_NAME = "$(TARGET_NAME)";
				SWIFT_VERSION = 4.2;
				TARGETED_DEVICE_FAMILY = "1,2";
			};
			name = Debug;
		};
		CEE5530121AE8949009DE56F /* Release */ = {
			isa = XCBuildConfiguration;
			baseConfigurationReference = 62DE0E1099187D30FA5EB63C /* Pods-iDoIt.release.xcconfig */;
			buildSettings = {
				ASSETCATALOG_COMPILER_APPICON_NAME = AppIcon;
				CODE_SIGN_STYLE = Automatic;
				DEVELOPMENT_TEAM = G5XAELWWR7;
				INFOPLIST_FILE = iDoIt/Info.plist;
				LD_RUNPATH_SEARCH_PATHS = (
					"$(inherited)",
					"@executable_path/Frameworks",
				);
				PRODUCT_BUNDLE_IDENTIFIER = Com.LaitecByMasih.iDoIt;
				PRODUCT_NAME = "$(TARGET_NAME)";
				SWIFT_VERSION = 4.2;
				TARGETED_DEVICE_FAMILY = "1,2";
			};
			name = Release;
		};
/* End XCBuildConfiguration section */

/* Begin XCConfigurationList section */
		CEE552E821AE8947009DE56F /* Build configuration list for PBXProject "iDoIt" */ = {
			isa = XCConfigurationList;
			buildConfigurations = (
				CEE552FD21AE8949009DE56F /* Debug */,
				CEE552FE21AE8949009DE56F /* Release */,
			);
			defaultConfigurationIsVisible = 0;
			defaultConfigurationName = Release;
		};
		CEE552FF21AE8949009DE56F /* Build configuration list for PBXNativeTarget "iDoIt" */ = {
			isa = XCConfigurationList;
			buildConfigurations = (
				CEE5530021AE8949009DE56F /* Debug */,
				CEE5530121AE8949009DE56F /* Release */,
			);
			defaultConfigurationIsVisible = 0;
			defaultConfigurationName = Release;
		};
/* End XCConfigurationList section */
	};
	rootObject = CEE552E521AE8947009DE56F /* Project object */;
}
